
Microsoft Visual Studio Solution File, Format Version 12.00
# Visual Studio Version 17
VisualStudioVersion = 17.5.33627.172
MinimumVisualStudioVersion = 10.0.40219.1
Project("{9A19103F-16F7-4668-BE54-9A1E7A4F7556}") = "ExtensionMethod", "ExtensionMethod\ExtensionMethod.csproj", "{46BB21F9-E699-4EFB-8A91-F2CCE0193A8E}"
EndProject
Project("{9A19103F-16F7-4668-BE54-9A1E7A4F7556}") = "PartialClass", "PartialClass\PartialClass.csproj", "{A9DB304C-0EB9-4DFC-9A02-4899BA967412}"
EndProject
Project("{9A19103F-16F7-4668-BE54-9A1E7A4F7556}") = "IndexerExample", "IndexerExample\IndexerExample.csproj", "{E7131282-BB3A-4A93-B08C-4844267F5F95}"
EndProject
Project("{9A19103F-16F7-4668-BE54-9A1E7A4F7556}") = "AsyncAwaitExample", "AsyncAwaitExample\AsyncAwaitExample.csproj", "{111A2642-E215-44C3-B3E7-0C307053D49C}"
EndProject
Project("{9A19103F-16F7-4668-BE54-9A1E7A4F7556}") = "PatternMatchingRegex", "PatternMatchingRegex\PatternMatchingRegex.csproj", "{4D33D03D-30AA-425A-BE96-D166F9E15F82}"
EndProject
Project("{FAE04EC0-301F-11D3-BF4B-00C04F79EFBC}") = "GenericExample", "GenericExample\GenericExample.csproj", "{70EE9E96-5A5F-4D9F-BC52-87B1D8726FD2}"
EndProject
Global
	GlobalSection(SolutionConfigurationPlatforms) = preSolution
		Debug|Any CPU = Debug|Any CPU
		Release|Any CPU = Release|Any CPU
	EndGlobalSection
	GlobalSection(ProjectConfigurationPlatforms) = postSolution
		{46BB21F9-E699-4EFB-8A91-F2CCE0193A8E}.Debug|Any CPU.ActiveCfg = Debug|Any CPU
		{46BB21F9-E699-4EFB-8A91-F2CCE0193A8E}.Debug|Any CPU.Build.0 = Debug|Any CPU
		{46BB21F9-E699-4EFB-8A91-F2CCE0193A8E}.Release|Any CPU.ActiveCfg = Release|Any CPU
		{46BB21F9-E699-4EFB-8A91-F2CCE0193A8E}.Release|Any CPU.Build.0 = Release|Any CPU
		{A9DB304C-0EB9-4DFC-9A02-4899BA967412}.Debug|Any CPU.ActiveCfg = Debug|Any CPU
		{A9DB304C-0EB9-4DFC-9A02-4899BA967412}.Debug|Any CPU.Build.0 = Debug|Any CPU
		{A9DB304C-0EB9-4DFC-9A02-4899BA967412}.Release|Any CPU.ActiveCfg = Release|Any CPU
		{A9DB304C-0EB9-4DFC-9A02-4899BA967412}.Release|Any CPU.Build.0 = Release|Any CPU
		{E7131282-BB3A-4A93-B08C-4844267F5F95}.Debug|Any CPU.ActiveCfg = Debug|Any CPU
		{E7131282-BB3A-4A93-B08C-4844267F5F95}.Debug|Any CPU.Build.0 = Debug|Any CPU
		{E7131282-BB3A-4A93-B08C-4844267F5F95}.Release|Any CPU.ActiveCfg = Release|Any CPU
		{E7131282-BB3A-4A93-B08C-4844267F5F95}.Release|Any CPU.Build.0 = Release|Any CPU
		{111A2642-E215-44C3-B3E7-0C307053D49C}.Debug|Any CPU.ActiveCfg = Debug|Any CPU
		{111A2642-E215-44C3-B3E7-0C307053D49C}.Debug|Any CPU.Build.0 = Debug|Any CPU
		{111A2642-E215-44C3-B3E7-0C307053D49C}.Release|Any CPU.ActiveCfg = Release|Any CPU
		{111A2642-E215-44C3-B3E7-0C307053D49C}.Release|Any CPU.Build.0 = Release|Any CPU
		{4D33D03D-30AA-425A-BE96-D166F9E15F82}.Debug|Any CPU.ActiveCfg = Debug|Any CPU
		{4D33D03D-30AA-425A-BE96-D166F9E15F82}.Debug|Any CPU.Build.0 = Debug|Any CPU
		{4D33D03D-30AA-425A-BE96-D166F9E15F82}.Release|Any CPU.ActiveCfg = Release|Any CPU
		{4D33D03D-30AA-425A-BE96-D166F9E15F82}.Release|Any CPU.Build.0 = Release|Any CPU
		{70EE9E96-5A5F-4D9F-BC52-87B1D8726FD2}.Debug|Any CPU.ActiveCfg = Debug|Any CPU
		{70EE9E96-5A5F-4D9F-BC52-87B1D8726FD2}.Debug|Any CPU.Build.0 = Debug|Any CPU
		{70EE9E96-5A5F-4D9F-BC52-87B1D8726FD2}.Release|Any CPU.ActiveCfg = Release|Any CPU
		{70EE9E96-5A5F-4D9F-BC52-87B1D8726FD2}.Release|Any CPU.Build.0 = Release|Any CPU
	EndGlobalSection
	GlobalSection(SolutionProperties) = preSolution
		HideSolutionNode = FALSE
	EndGlobalSection
EndGlobal
